
Microsoft Visual Studio Solution File, Format Version 12.00
# Visual Studio Version 17
VisualStudioVersion = 17.14.36310.24
MinimumVisualStudioVersion = 10.0.40219.1
Project("{FAE04EC0-301F-11D3-BF4B-00C04F79EFBC}") = "Entities", "Entities\Entities.csproj", "{94C4C9BC-21A5-4F7E-8C33-7BFAE97A5C79}"
EndProject
Project("{FAE04EC0-301F-11D3-BF4B-00C04F79EFBC}") = "DataAccessLayer", "DataAccessLayer\DataAccessLayer.csproj", "{84707C5B-5A65-4CCA-A711-5B59A3E20E5E}"
EndProject
Project("{FAE04EC0-301F-11D3-BF4B-00C04F79EFBC}") = "Core", "Core\Core.csproj", "{5BE2CE0C-3AFC-4C61-BEE5-BABFAD69D4C1}"
EndProject
Project("{FAE04EC0-301F-11D3-BF4B-00C04F79EFBC}") = "BussinessLogicLayer", "BussinessLogicLayer\BussinessLogicLayer.csproj", "{B39A5162-87FA-4CFE-AFCA-97B15B225E33}"
EndProject
Project("{FAE04EC0-301F-11D3-BF4B-00C04F79EFBC}") = "DataTransferObject", "DataTransferObject\DataTransferObject.csproj", "{67991E3B-A2C1-4905-8AD4-75124CC264D2}"
EndProject
Project("{FAE04EC0-301F-11D3-BF4B-00C04F79EFBC}") = "UI", "UI\UI.csproj", "{AA1EC671-B0A8-4BA9-A669-2110E971EA94}"
EndProject
Global
	GlobalSection(SolutionConfigurationPlatforms) = preSolution
		Debug|Any CPU = Debug|Any CPU
		Release|Any CPU = Release|Any CPU
	EndGlobalSection
	GlobalSection(ProjectConfigurationPlatforms) = postSolution
		{5BE2CE0C-3AFC-4C61-BEE5-BABFAD69D4C1}.Debug|Any CPU.ActiveCfg = Debug|Any CPU
		{5BE2CE0C-3AFC-4C61-BEE5-BABFAD69D4C1}.Debug|Any CPU.Build.0 = Debug|Any CPU
		{5BE2CE0C-3AFC-4C61-BEE5-BABFAD69D4C1}.Release|Any CPU.ActiveCfg = Release|Any CPU
		{5BE2CE0C-3AFC-4C61-BEE5-BABFAD69D4C1}.Release|Any CPU.Build.0 = Release|Any CPU
		{84707C5B-5A65-4CCA-A711-5B59A3E20E5E}.Debug|Any CPU.ActiveCfg = Debug|Any CPU
		{84707C5B-5A65-4CCA-A711-5B59A3E20E5E}.Debug|Any CPU.Build.0 = Debug|Any CPU
		{84707C5B-5A65-4CCA-A711-5B59A3E20E5E}.Release|Any CPU.ActiveCfg = Release|Any CPU
		{84707C5B-5A65-4CCA-A711-5B59A3E20E5E}.Release|Any CPU.Build.0 = Release|Any CPU
		{94C4C9BC-21A5-4F7E-8C33-7BFAE97A5C79}.Debug|Any CPU.ActiveCfg = Debug|Any CPU
		{94C4C9BC-21A5-4F7E-8C33-7BFAE97A5C79}.Debug|Any CPU.Build.0 = Debug|Any CPU
		{94C4C9BC-21A5-4F7E-8C33-7BFAE97A5C79}.Release|Any CPU.ActiveCfg = Release|Any CPU
		{94C4C9BC-21A5-4F7E-8C33-7BFAE97A5C79}.Release|Any CPU.Build.0 = Release|Any CPU
		{AA1EC671-B0A8-4BA9-A669-2110E971EA94}.Debug|Any CPU.ActiveCfg = Debug|Any CPU
		{AA1EC671-B0A8-4BA9-A669-2110E971EA94}.Debug|Any CPU.Build.0 = Debug|Any CPU
		{AA1EC671-B0A8-4BA9-A669-2110E971EA94}.Release|Any CPU.ActiveCfg = Release|Any CPU
		{AA1EC671-B0A8-4BA9-A669-2110E971EA94}.Release|Any CPU.Build.0 = Release|Any CPU
		{B39A5162-87FA-4CFE-AFCA-97B15B225E33}.Debug|Any CPU.ActiveCfg = Debug|Any CPU
		{B39A5162-87FA-4CFE-AFCA-97B15B225E33}.Debug|Any CPU.Build.0 = Debug|Any CPU
		{B39A5162-87FA-4CFE-AFCA-97B15B225E33}.Release|Any CPU.ActiveCfg = Release|Any CPU
		{B39A5162-87FA-4CFE-AFCA-97B15B225E33}.Release|Any CPU.Build.0 = Release|Any CPU
		{67991E3B-A2C1-4905-8AD4-75124CC264D2}.Debug|Any CPU.ActiveCfg = Debug|Any CPU
		{67991E3B-A2C1-4905-8AD4-75124CC264D2}.Debug|Any CPU.Build.0 = Debug|Any CPU
		{67991E3B-A2C1-4905-8AD4-75124CC264D2}.Release|Any CPU.ActiveCfg = Release|Any CPU
		{67991E3B-A2C1-4905-8AD4-75124CC264D2}.Release|Any CPU.Build.0 = Release|Any CPU
	EndGlobalSection
	GlobalSection(SolutionProperties) = preSolution
		HideSolutionNode = FALSE
	EndGlobalSection
	GlobalSection(ExtensibilityGlobals) = postSolution
		SolutionGuid = {D298B1A9-1755-4B8F-B2F7-FCFE5AC60E7F}
	EndGlobalSection
EndGlobal
